// !$*UTF8*$!
{
	archiveVersion = 1;
	classes = {
	};
	objectVersion = 46;
	objects = {

/* Begin PBXBuildFile section */
		290320291C8818F700A65BC2 /* main.m in Sources */ = {isa = PBXBuildFile; fileRef = 290320281C8818F700A65BC2 /* main.m */; };
		2903202C1C8818F700A65BC2 /* AppDelegate.m in Sources */ = {isa = PBXBuildFile; fileRef = 2903202B1C8818F700A65BC2 /* AppDelegate.m */; };
		2903202F1C8818F700A65BC2 /* ViewController.m in Sources */ = {isa = PBXBuildFile; fileRef = 2903202E1C8818F700A65BC2 /* ViewController.m */; };
		290320321C8818F700A65BC2 /* Main.storyboard in Resources */ = {isa = PBXBuildFile; fileRef = 290320301C8818F700A65BC2 /* Main.storyboard */; };
		290320341C8818F700A65BC2 /* Assets.xcassets in Resources */ = {isa = PBXBuildFile; fileRef = 290320331C8818F700A65BC2 /* Assets.xcassets */; };
		290320371C8818F700A65BC2 /* LaunchScreen.storyboard in Resources */ = {isa = PBXBuildFile; fileRef = 290320351C8818F700A65BC2 /* LaunchScreen.storyboard */; };
/* End PBXBuildFile section */

/* Begin PBXFileReference section */
		290320241C8818F700A65BC2 /* zhi.app */ = {isa = PBXFileReference; explicitFileType = wrapper.application; includeInIndex = 0; path = zhi.app; sourceTree = BUILT_PRODUCTS_DIR; };
		290320281C8818F700A65BC2 /* main.m */ = {isa = PBXFileReference; lastKnownFileType = sourcecode.c.objc; path = main.m; sourceTree = "<group>"; };
		2903202A1C8818F700A65BC2 /* AppDelegate.h */ = {isa = PBXFileReference; lastKnownFileType = sourcecode.c.h; path = AppDelegate.h; sourceTree = "<group>"; };
		2903202B1C8818F700A65BC2 /* AppDelegate.m */ = {isa = PBXFileReference; lastKnownFileType = sourcecode.c.objc; path = AppDelegate.m; sourceTree = "<group>"; };
		2903202D1C8818F700A65BC2 /* ViewController.h */ = {isa = PBXFileReference; lastKnownFileType = sourcecode.c.h; path = ViewController.h; sourceTree = "<group>"; };
		2903202E1C8818F700A65BC2 /* ViewController.m */ = {isa = PBXFileReference; lastKnownFileType = sourcecode.c.objc; path = ViewController.m; sourceTree = "<group>"; };
		290320311C8818F700A65BC2 /* Base */ = {isa = PBXFileReference; lastKnownFileType = file.storyboard; name = Base; path = Base.lproj/Main.storyboard; sourceTree = "<group>"; };
		290320331C8818F700A65BC2 /* Assets.xcassets */ = {isa = PBXFileReference; lastKnownFileType = folder.assetcatalog; path = Assets.xcassets; sourceTree = "<group>"; };
		290320361C8818F700A65BC2 /* Base */ = {isa = PBXFileReference; lastKnownFileType = file.storyboard; name = Base; path = Base.lproj/LaunchScreen.storyboard; sourceTree = "<group>"; };
		290320381C8818F700A65BC2 /* Info.plist */ = {isa = PBXFileReference; lastKnownFileType = text.plist.xml; path = Info.plist; sourceTree = "<group>"; };
/* End PBXFileReference section */

/* Begin PBXFrameworksBuildPhase section */
		290320211C8818F700A65BC2 /* Frameworks */ = {
			isa = PBXFrameworksBuildPhase;
			buildActionMask = 2147483647;
			files = (
			);
			runOnlyForDeploymentPostprocessing = 0;
		};
/* End PBXFrameworksBuildPhase section */

/* Begin PBXGroup section */
		2903201B1C8818F700A65BC2 = {
			isa = PBXGroup;
			children = (
				290320261C8818F700A65BC2 /* zhi */,
				290320251C8818F700A65BC2 /* Products */,
			);
			sourceTree = "<group>";
		};
		290320251C8818F700A65BC2 /* Products */ = {
			isa = PBXGroup;
			children = (
				290320241C8818F700A65BC2 /* zhi.app */,
			);
			name = Products;
			sourceTree = "<group>";
		};
		290320261C8818F700A65BC2 /* zhi */ = {
			isa = PBXGroup;
			children = (
				2903202A1C8818F700A65BC2 /* AppDelegate.h */,
				2903202B1C8818F700A65BC2 /* AppDelegate.m */,
				2903202D1C8818F700A65BC2 /* ViewController.h */,
				2903202E1C8818F700A65BC2 /* ViewController.m */,
				290320301C8818F700A65BC2 /* Main.storyboard */,
				290320331C8818F700A65BC2 /* Assets.xcassets */,
				290320351C8818F700A65BC2 /* LaunchScreen.storyboard */,
				290320381C8818F700A65BC2 /* Info.plist */,
				290320271C8818F700A65BC2 /* Supporting Files */,
			);
			path = zhi;
			sourceTree = "<group>";
		};
		290320271C8818F700A65BC2 /* Supporting Files */ = {
			isa = PBXGroup;
			children = (
				290320281C8818F700A65BC2 /* main.m */,
			);
			name = "Supporting Files";
			sourceTree = "<group>";
		};
/* End PBXGroup section */

/* Begin PBXNativeTarget section */
		290320231C8818F700A65BC2 /* zhi */ = {
			isa = PBXNativeTarget;
			buildConfigurationList = 2903203B1C8818F700A65BC2 /* Build configuration list for PBXNativeTarget "zhi" */;
			buildPhases = (
				290320201C8818F700A65BC2 /* Sources */,
				290320211C8818F700A65BC2 /* Frameworks */,
				290320221C8818F700A65BC2 /* Resources */,
			);
			buildRules = (
			);
			dependencies = (
			);
			name = zhi;
			productName = zhi;
			productReference = 290320241C8818F700A65BC2 /* zhi.app */;
			productType = "com.apple.product-type.application";
		};
/* End PBXNativeTarget section */

/* Begin PBXProject section */
		2903201C1C8818F700A65BC2 /* Project object */ = {
			isa = PBXProject;
			attributes = {
				LastUpgradeCheck = 0720;
				ORGANIZATIONNAME = imCloud;
				TargetAttributes = {
					290320231C8818F700A65BC2 = {
						CreatedOnToolsVersion = 7.2;
						DevelopmentTeam = 93XU2VR7H9;
					};
				};
			};
			buildConfigurationList = 2903201F1C8818F700A65BC2 /* Build configuration list for PBXProject "zhi" */;
			compatibilityVersion = "Xcode 3.2";
			developmentRegion = English;
			hasScannedForEncodings = 0;
			knownRegions = (
				en,
				Base,
			);
			mainGroup = 2903201B1C8818F700A65BC2;
			productRefGroup = 290320251C8818F700A65BC2 /* Products */;
			projectDirPath = "";
			projectRoot = "";
			targets = (
				290320231C8818F700A65BC2 /* zhi */,
			);
		};
/* End PBXProject section */

/* Begin PBXResourcesBuildPhase section */
		290320221C8818F700A65BC2 /* Resources */ = {
			isa = PBXResourcesBuildPhase;
			buildActionMask = 2147483647;
			files = (
				290320371C8818F700A65BC2 /* LaunchScreen.storyboard in Resources */,
				290320341C8818F700A65BC2 /* Assets.xcassets in Resources */,
				290320321C8818F700A65BC2 /* Main.storyboard in Resources */,
			);
			runOnlyForDeploymentPostprocessing = 0;
		};
/* End PBXResourcesBuildPhase section */

/* Begin PBXSourcesBuildPhase section */
		290320201C8818F700A65BC2 /* Sources */ = {
			isa = PBXSourcesBuildPhase;
			buildActionMask = 2147483647;
			files = (
				2903202F1C8818F700A65BC2 /* ViewController.m in Sources */,
				2903202C1C8818F700A65BC2 /* AppDelegate.m in Sources */,
				290320291C8818F700A65BC2 /* main.m in Sources */,
			);
			runOnlyForDeploymentPostprocessing = 0;
		};
/* End PBXSourcesBuildPhase section */

/* Begin PBXVariantGroup section */
		290320301C8818F700A65BC2 /* Main.storyboard */ = {
			isa = PBXVariantGroup;
			children = (
				290320311C8818F700A65BC2 /* Base */,
			);
			name = Main.storyboard;
			sourceTree = "<group>";
		};
		290320351C8818F700A65BC2 /* LaunchScreen.storyboard */ = {
			isa = PBXVariantGroup;
			children = (
				290320361C8818F700A65BC2 /* Base */,
			);
			name = LaunchScreen.storyboard;
			sourceTree = "<group>";
		};
/* End PBXVariantGroup section */

/* Begin XCBuildConfiguration section */
		290320391C8818F700A65BC2 /* Debug */ = {
			isa = XCBuildConfiguration;
			buildSettings = {
				ALWAYS_SEARCH_USER_PATHS = NO;
				CLANG_CXX_LANGUAGE_STANDARD = "gnu++0x";
				CLANG_CXX_LIBRARY = "libc++";
				CLANG_ENABLE_MODULES = YES;
				CLANG_ENABLE_OBJC_ARC = YES;
				CLANG_WARN_BOOL_CONVERSION = YES;
				CLANG_WARN_CONSTANT_CONVERSION = YES;
				CLANG_WARN_DIRECT_OBJC_ISA_USAGE = YES_ERROR;
				CLANG_WARN_EMPTY_BODY = YES;
				CLANG_WARN_ENUM_CONVERSION = YES;
				CLANG_WARN_INT_CONVERSION = YES;
				CLANG_WARN_OBJC_ROOT_CLASS = YES_ERROR;
				CLANG_WARN_UNREACHABLE_CODE = YES;
				CLANG_WARN__DUPLICATE_METHOD_MATCH = YES;
				"CODE_SIGN_IDENTITY[sdk=iphoneos*]" = "iPhone Developer";
				COPY_PHASE_STRIP = NO;
				DEBUG_INFORMATION_FORMAT = dwarf;
				ENABLE_STRICT_OBJC_MSGSEND = YES;
				ENABLE_TESTABILITY = YES;
				GCC_C_LANGUAGE_STANDARD = gnu99;
				GCC_DYNAMIC_NO_PIC = NO;
				GCC_NO_COMMON_BLOCKS = YES;
				GCC_OPTIMIZATION_LEVEL = 0;
				GCC_PREPROCESSOR_DEFINITIONS = (
					"DEBUG=1",
					"$(inherited)",
				);
				GCC_WARN_64_TO_32_BIT_CONVERSION = YES;
				GCC_WARN_ABOUT_RETURN_TYPE = YES_ERROR;
				GCC_WARN_UNDECLARED_SELECTOR = YES;
				GCC_WARN_UNINITIALIZED_AUTOS = YES_AGGRESSIVE;
				GCC_WARN_UNUSED_FUNCTION = YES;
				GCC_WARN_UNUSED_VARIABLE = YES;
				IPHONEOS_DEPLOYMENT_TARGET = 9.2;
				MTL_ENABLE_DEBUG_INFO = YES;
				ONLY_ACTIVE_ARCH = YES;
				SDKROOT = iphoneos;
				TARGETED_DEVICE_FAMILY = "1,2";
			};
			name = Debug;
		};
		2903203A1C8818F700A65BC2 /* Release */ = {
			isa = XCBuildConfiguration;
			buildSettings = {
				ALWAYS_SEARCH_USER_PATHS = NO;
				CLANG_CXX_LANGUAGE_STANDARD = "gnu++0x";
				CLANG_CXX_LIBRARY = "libc++";
				CLANG_ENABLE_MODULES = YES;
				CLANG_ENABLE_OBJC_ARC = YES;
				CLANG_WARN_BOOL_CONVERSION = YES;
				CLANG_WARN_CONSTANT_CONVERSION = YES;
				CLANG_WARN_DIRECT_OBJC_ISA_USAGE = YES_ERROR;
				CLANG_WARN_EMPTY_BODY = YES;
				CLANG_WARN_ENUM_CONVERSION = YES;
				CLANG_WARN_INT_CONVERSION = YES;
				CLANG_WARN_OBJC_ROOT_CLASS = YES_ERROR;
				CLANG_WARN_UNREACHABLE_CODE = YES;
				CLANG_WARN__DUPLICATE_METHOD_MATCH = YES;
				"CODE_SIGN_IDENTITY[sdk=iphoneos*]" = "iPhone Developer";
				COPY_PHASE_STRIP = NO;
				DEBUG_INFORMATION_FORMAT = "dwarf-with-dsym";
				ENABLE_NS_ASSERTIONS = NO;
				ENABLE_STRICT_OBJC_MSGSEND = YES;
				GCC_C_LANGUAGE_STANDARD = gnu99;
				GCC_NO_COMMON_BLOCKS = YES;
				GCC_WARN_64_TO_32_BIT_CONVERSION = YES;
				GCC_WARN_ABOUT_RETURN_TYPE = YES_ERROR;
				GCC_WARN_UNDECLARED_SELECTOR = YES;
				GCC_WARN_UNINITIALIZED_AUTOS = YES_AGGRESSIVE;
				GCC_WARN_UNUSED_FUNCTION = YES;
				GCC_WARN_UNUSED_VARIABLE = YES;
				IPHONEOS_DEPLOYMENT_TARGET = 9.2;
				MTL_ENABLE_DEBUG_INFO = NO;
				SDKROOT = iphoneos;
				TARGETED_DEVICE_FAMILY = "1,2";
				VALIDATE_PRODUCT = YES;
			};
			name = Release;
		};
		2903203C1C8818F700A65BC2 /* Debug */ = {
			isa = XCBuildConfiguration;
			buildSettings = {
				ASSETCATALOG_COMPILER_APPICON_NAME = AppIcon;
				INFOPLIST_FILE = zhi/Info.plist;
				LD_RUNPATH_SEARCH_PATHS = "$(inherited) @executable_path/Frameworks";
				PRODUCT_BUNDLE_IDENTIFIER = com.wh.zhi;
				PRODUCT_NAME = "$(TARGET_NAME)";
			};
			name = Debug;
		};
		2903203D1C8818F700A65BC2 /* Release */ = {
			isa = XCBuildConfiguration;
			buildSettings = {
				ASSETCATALOG_COMPILER_APPICON_NAME = AppIcon;
				INFOPLIST_FILE = zhi/Info.plist;
				LD_RUNPATH_SEARCH_PATHS = "$(inherited) @executable_path/Frameworks";
				PRODUCT_BUNDLE_IDENTIFIER = com.wh.zhi;
				PRODUCT_NAME = "$(TARGET_NAME)";
			};
			name = Release;
		};
/* End XCBuildConfiguration section */

/* Begin XCConfigurationList section */
		2903201F1C8818F700A65BC2 /* Build configuration list for PBXProject "zhi" */ = {
			isa = XCConfigurationList;
			buildConfigurations = (
				290320391C8818F700A65BC2 /* Debug */,
				2903203A1C8818F700A65BC2 /* Release */,
			);
			defaultConfigurationIsVisible = 0;
			defaultConfigurationName = Release;
		};
		2903203B1C8818F700A65BC2 /* Build configuration list for PBXNativeTarget "zhi" */ = {
			isa = XCConfigurationList;
			buildConfigurations = (
				2903203C1C8818F700A65BC2 /* Debug */,
				2903203D1C8818F700A65BC2 /* Release */,
			);
			defaultConfigurationIsVisible = 0;
		};
/* End XCConfigurationList section */
	};
	rootObject = 2903201C1C8818F700A65BC2 /* Project object */;
}
